{
  "name": "@thunkmetrc/wrapper",
  "version": "0.1.1",
  "lockfileVersion": 3,
  "requires": true,
  "packages": {
    "": {
      "name": "@thunkmetrc/wrapper",
      "version": "0.1.1",
      "dependencies": {
        "@thunkmetrc/client": "file:../client"
      },
      "devDependencies": {
        "typescript": "^5.0.0"
      }
    },
    "../client": {
      "name": "@thunkmetrc/client",
      "version": "0.1.1",
      "license": "MIT",
      "dependencies": {
        "axios": "^1.6.0"
      },
      "devDependencies": {
        "typescript": "^5.0.0"
      }
    },
    "node_modules/@thunkmetrc/client": {
      "resolved": "../client",
      "link": true
    },
    "node_modules/typescript": {
      "version": "5.9.3",
      "resolved": "https://registry.npmjs.org/typescript/-/typescript-5.9.3.tgz",
      "integrity": "sha512-jl1vZzPDinLr9eUt3J/t7V6FgNEw9QjvBPdysz9KfQDD41fQrC2Y4vKQdiaUpFT4bXlb1RHhLpp8wtm6M5TgSw==",
      "dev": true,
      "license": "Apache-2.0",
      "bin": {
        "tsc": "bin/tsc",
        "tsserver": "bin/tsserver"
      },
      "engines": {
        "node": ">=14.17"
      }
    }
  }
}
